
Microsoft Visual Studio Solution File, Format Version 12.00
# Visual Studio Version 17
VisualStudioVersion = 17.14.36221.1 d17.14
MinimumVisualStudioVersion = 10.0.40219.1
Project("{FAE04EC0-301F-11D3-BF4B-00C04F79EFBC}") = "SimpleAttendance", "SimpleAttendance.csproj", "{D2918728-DFC0-4FB7-8078-15947B8BBE08}"
EndProject
Global
	GlobalSection(SolutionConfigurationPlatforms) = preSolution
		Debug|Any CPU = Debug|Any CPU
		Release|Any CPU = Release|Any CPU
	EndGlobalSection
	GlobalSection(ProjectConfigurationPlatforms) = postSolution
		{D2918728-DFC0-4FB7-8078-15947B8BBE08}.Debug|Any CPU.ActiveCfg = Debug|Any CPU
		{D2918728-DFC0-4FB7-8078-15947B8BBE08}.Debug|Any CPU.Build.0 = Debug|Any CPU
		{D2918728-DFC0-4FB7-8078-15947B8BBE08}.Release|Any CPU.ActiveCfg = Release|Any CPU
		{D2918728-DFC0-4FB7-8078-15947B8BBE08}.Release|Any CPU.Build.0 = Release|Any CPU
	EndGlobalSection
	GlobalSection(SolutionProperties) = preSolution
		HideSolutionNode = FALSE
	EndGlobalSection
	GlobalSection(ExtensibilityGlobals) = postSolution
		SolutionGuid = {10BFA7C1-D1D0-47B8-8156-3E25D3CD8EFF}
	EndGlobalSection
EndGlobal
